// !$*UTF8*$!
{
	archiveVersion = 1;
	classes = {
	};
	objectVersion = 56;
	objects = {

/* Begin PBXBuildFile section */
		DE05E7D52C7A2061003D7A1D /* DialogManager.swift in Sources */ = {isa = PBXBuildFile; fileRef = DE05E7D42C7A2061003D7A1D /* DialogManager.swift */; };
		DE05E7D82C7A285C003D7A1D /* NetworkManager.swift in Sources */ = {isa = PBXBuildFile; fileRef = DE05E7D72C7A285C003D7A1D /* NetworkManager.swift */; };
		DE05E7DA2C7A2DB7003D7A1D /* CityRemote.swift in Sources */ = {isa = PBXBuildFile; fileRef = DE05E7D92C7A2DB7003D7A1D /* CityRemote.swift */; };
		DE05E7DC2C7A3B48003D7A1D /* CitySearchTableViewCell.swift in Sources */ = {isa = PBXBuildFile; fileRef = DE05E7DB2C7A3B48003D7A1D /* CitySearchTableViewCell.swift */; };
		DE05E7DE2C7B5EC1003D7A1D /* CityDetailsViewModel.swift in Sources */ = {isa = PBXBuildFile; fileRef = DE05E7DD2C7B5EC1003D7A1D /* CityDetailsViewModel.swift */; };
		DE05E7E02C7B7908003D7A1D /* CustomGaugeView.swift in Sources */ = {isa = PBXBuildFile; fileRef = DE05E7DF2C7B7908003D7A1D /* CustomGaugeView.swift */; };
		DE05E7E22C7B7CB8003D7A1D /* GaugeCell.swift in Sources */ = {isa = PBXBuildFile; fileRef = DE05E7E12C7B7CB8003D7A1D /* GaugeCell.swift */; };
		DE05E7E42C7B8019003D7A1D /* CityInfoCell.swift in Sources */ = {isa = PBXBuildFile; fileRef = DE05E7E32C7B8019003D7A1D /* CityInfoCell.swift */; };
		DE05E7E62C7B8BF7003D7A1D /* WeatherRemote.swift in Sources */ = {isa = PBXBuildFile; fileRef = DE05E7E52C7B8BF7003D7A1D /* WeatherRemote.swift */; };
		DE05E7E82C7B8C1E003D7A1D /* CoordinatesRemote.swift in Sources */ = {isa = PBXBuildFile; fileRef = DE05E7E72C7B8C1E003D7A1D /* CoordinatesRemote.swift */; };
		DE05E7EA2C7B8C32003D7A1D /* WeatherBriefRemote.swift in Sources */ = {isa = PBXBuildFile; fileRef = DE05E7E92C7B8C32003D7A1D /* WeatherBriefRemote.swift */; };
		DE05E7EC2C7B8C42003D7A1D /* WeatherDetailsRemote.swift in Sources */ = {isa = PBXBuildFile; fileRef = DE05E7EB2C7B8C42003D7A1D /* WeatherDetailsRemote.swift */; };
		DE05E7EE2C7B8C51003D7A1D /* WindRemote.swift in Sources */ = {isa = PBXBuildFile; fileRef = DE05E7ED2C7B8C51003D7A1D /* WindRemote.swift */; };
		DE05E7F02C7B8C63003D7A1D /* RainRemote.swift in Sources */ = {isa = PBXBuildFile; fileRef = DE05E7EF2C7B8C63003D7A1D /* RainRemote.swift */; };
		DE05E7F22C7B8C76003D7A1D /* CloudsRemote.swift in Sources */ = {isa = PBXBuildFile; fileRef = DE05E7F12C7B8C76003D7A1D /* CloudsRemote.swift */; };
		DE05E7F42C7B8C85003D7A1D /* SnowRemote.swift in Sources */ = {isa = PBXBuildFile; fileRef = DE05E7F32C7B8C85003D7A1D /* SnowRemote.swift */; };
		DE05E7F62C7B8C90003D7A1D /* SystemRemote.swift in Sources */ = {isa = PBXBuildFile; fileRef = DE05E7F52C7B8C90003D7A1D /* SystemRemote.swift */; };
		DE05E7F82C7BA74C003D7A1D /* WeatherWorker.swift in Sources */ = {isa = PBXBuildFile; fileRef = DE05E7F72C7BA74C003D7A1D /* WeatherWorker.swift */; };
		DE0F07A12C78EE0400677861 /* AppDelegate.swift in Sources */ = {isa = PBXBuildFile; fileRef = DE0F07A02C78EE0400677861 /* AppDelegate.swift */; };
		DE0F07A32C78EE0400677861 /* SceneDelegate.swift in Sources */ = {isa = PBXBuildFile; fileRef = DE0F07A22C78EE0400677861 /* SceneDelegate.swift */; };
		DE0F07AA2C78EE0500677861 /* Assets.xcassets in Resources */ = {isa = PBXBuildFile; fileRef = DE0F07A92C78EE0500677861 /* Assets.xcassets */; };
		DE0F07AD2C78EE0500677861 /* Base in Resources */ = {isa = PBXBuildFile; fileRef = DE0F07AC2C78EE0500677861 /* Base */; };
		DE0F07BB2C78F01F00677861 /* AppCoordinator.swift in Sources */ = {isa = PBXBuildFile; fileRef = DE0F07BA2C78F01F00677861 /* AppCoordinator.swift */; };
		DE0F07C22C78F07D00677861 /* CitySearchViewController.swift in Sources */ = {isa = PBXBuildFile; fileRef = DE0F07C12C78F07D00677861 /* CitySearchViewController.swift */; };
		DE0F07C82C78F0C100677861 /* CityDetailsViewController.swift in Sources */ = {isa = PBXBuildFile; fileRef = DE0F07C72C78F0C100677861 /* CityDetailsViewController.swift */; };
		DE0F07CC2C78FA1000677861 /* QWButton.swift in Sources */ = {isa = PBXBuildFile; fileRef = DE0F07CB2C78FA1000677861 /* QWButton.swift */; };
		DE97B03E2C78FB89007D9F05 /* QWTextField.swift in Sources */ = {isa = PBXBuildFile; fileRef = DE97B03D2C78FB89007D9F05 /* QWTextField.swift */; };
		DE97B0402C7917BA007D9F05 /* CitySearchViewModel.swift in Sources */ = {isa = PBXBuildFile; fileRef = DE97B03F2C7917BA007D9F05 /* CitySearchViewModel.swift */; };
		DEE666D52C7CE3830092A04D /* SimpleWeatherCell.swift in Sources */ = {isa = PBXBuildFile; fileRef = DEE666D42C7CE3830092A04D /* SimpleWeatherCell.swift */; };
		DEE666D92C7CF6190092A04D /* UIView+Extension.swift in Sources */ = {isa = PBXBuildFile; fileRef = DEE666D82C7CF6190092A04D /* UIView+Extension.swift */; };
		DEE666DB2C7D02DB0092A04D /* WeatherForecastRemote.swift in Sources */ = {isa = PBXBuildFile; fileRef = DEE666DA2C7D02DB0092A04D /* WeatherForecastRemote.swift */; };
		DEE666DE2C7D0DD30092A04D /* Temperature.swift in Sources */ = {isa = PBXBuildFile; fileRef = DEE666DD2C7D0DD30092A04D /* Temperature.swift */; };
		DEE666E02C7D0DE50092A04D /* Pressure.swift in Sources */ = {isa = PBXBuildFile; fileRef = DEE666DF2C7D0DE50092A04D /* Pressure.swift */; };
		DEE666E22C7D0DF40092A04D /* Humidity.swift in Sources */ = {isa = PBXBuildFile; fileRef = DEE666E12C7D0DF40092A04D /* Humidity.swift */; };
		DEE666E52C7D0E250092A04D /* WeatherDetailsDomain.swift in Sources */ = {isa = PBXBuildFile; fileRef = DEE666E42C7D0E250092A04D /* WeatherDetailsDomain.swift */; };
		DEE666E72C7D0EE00092A04D /* WeatherDomain.swift in Sources */ = {isa = PBXBuildFile; fileRef = DEE666E62C7D0EE00092A04D /* WeatherDomain.swift */; };
		DEE666EC2C7D1F940092A04D /* WeatherCellData.swift in Sources */ = {isa = PBXBuildFile; fileRef = DEE666EB2C7D1F940092A04D /* WeatherCellData.swift */; };
		DEE666EE2C7D28B50092A04D /* CityInfoHeaderView.swift in Sources */ = {isa = PBXBuildFile; fileRef = DEE666ED2C7D28B50092A04D /* CityInfoHeaderView.swift */; };
		DEE666F02C7D2D730092A04D /* GaugeData.swift in Sources */ = {isa = PBXBuildFile; fileRef = DEE666EF2C7D2D730092A04D /* GaugeData.swift */; };
		DEE666F22C7D2DA00092A04D /* WeatherCellType.swift in Sources */ = {isa = PBXBuildFile; fileRef = DEE666F12C7D2DA00092A04D /* WeatherCellType.swift */; };
		DEE666F42C7D2DD50092A04D /* ForecastRemote.swift in Sources */ = {isa = PBXBuildFile; fileRef = DEE666F32C7D2DD50092A04D /* ForecastRemote.swift */; };
		DEE666F62C7D2E8A0092A04D /* CityDetailsRemote.swift in Sources */ = {isa = PBXBuildFile; fileRef = DEE666F52C7D2E8A0092A04D /* CityDetailsRemote.swift */; };
		DEE6A72B2C7E3B8F00EB246B /* WeatherDatatype.swift in Sources */ = {isa = PBXBuildFile; fileRef = DEE6A72A2C7E3B8F00EB246B /* WeatherDatatype.swift */; };
		DEE6A72E2C7E5A8F00EB246B /* WeatherDetailViewController.swift in Sources */ = {isa = PBXBuildFile; fileRef = DEE6A72D2C7E5A8F00EB246B /* WeatherDetailViewController.swift */; };
		DEE6A7302C7E65B600EB246B /* WeatherCategory.swift in Sources */ = {isa = PBXBuildFile; fileRef = DEE6A72F2C7E65B600EB246B /* WeatherCategory.swift */; };
		DEE6A7322C7E785E00EB246B /* PlaceholderCell.swift in Sources */ = {isa = PBXBuildFile; fileRef = DEE6A7312C7E785E00EB246B /* PlaceholderCell.swift */; };
		DEE74FE22C7F80BB009755E7 /* Int+Extension.swift in Sources */ = {isa = PBXBuildFile; fileRef = DEE74FE12C7F80BB009755E7 /* Int+Extension.swift */; };
		DEE74FE42C7F8198009755E7 /* WeatherForecastDomain.swift in Sources */ = {isa = PBXBuildFile; fileRef = DEE74FE32C7F8198009755E7 /* WeatherForecastDomain.swift */; };
		DEE74FE62C7F81A7009755E7 /* ForecastDomain.swift in Sources */ = {isa = PBXBuildFile; fileRef = DEE74FE52C7F81A7009755E7 /* ForecastDomain.swift */; };
		DEE74FEB2C7F8885009755E7 /* WeatherDetailViewModel.swift in Sources */ = {isa = PBXBuildFile; fileRef = DEE74FEA2C7F8885009755E7 /* WeatherDetailViewModel.swift */; };
		DEE74FEF2C7F8E29009755E7 /* SimpleDetailCell.swift in Sources */ = {isa = PBXBuildFile; fileRef = DEE74FEE2C7F8E29009755E7 /* SimpleDetailCell.swift */; };
		DEE74FF12C7FAD5C009755E7 /* Date+Extension.swift in Sources */ = {isa = PBXBuildFile; fileRef = DEE74FF02C7FAD5C009755E7 /* Date+Extension.swift */; };
		DEE74FF52C7FD3E4009755E7 /* DetailsCellData.swift in Sources */ = {isa = PBXBuildFile; fileRef = DEE74FF42C7FD3E4009755E7 /* DetailsCellData.swift */; };
		DEE74FF72C7FD404009755E7 /* DetailsCellType.swift in Sources */ = {isa = PBXBuildFile; fileRef = DEE74FF62C7FD404009755E7 /* DetailsCellType.swift */; };
		DEE74FF92C7FD4F3009755E7 /* DayCell.swift in Sources */ = {isa = PBXBuildFile; fileRef = DEE74FF82C7FD4F3009755E7 /* DayCell.swift */; };
		DEE74FFC2C7FD6A7009755E7 /* PersistStorage.swift in Sources */ = {isa = PBXBuildFile; fileRef = DEE74FFB2C7FD6A7009755E7 /* PersistStorage.swift */; };
/* End PBXBuildFile section */

/* Begin PBXFileReference section */
		DE05E7D42C7A2061003D7A1D /* DialogManager.swift */ = {isa = PBXFileReference; lastKnownFileType = sourcecode.swift; path = DialogManager.swift; sourceTree = "<group>"; };
		DE05E7D72C7A285C003D7A1D /* NetworkManager.swift */ = {isa = PBXFileReference; lastKnownFileType = sourcecode.swift; path = NetworkManager.swift; sourceTree = "<group>"; };
		DE05E7D92C7A2DB7003D7A1D /* CityRemote.swift */ = {isa = PBXFileReference; lastKnownFileType = sourcecode.swift; path = CityRemote.swift; sourceTree = "<group>"; };
		DE05E7DB2C7A3B48003D7A1D /* CitySearchTableViewCell.swift */ = {isa = PBXFileReference; lastKnownFileType = sourcecode.swift; path = CitySearchTableViewCell.swift; sourceTree = "<group>"; };
		DE05E7DD2C7B5EC1003D7A1D /* CityDetailsViewModel.swift */ = {isa = PBXFileReference; lastKnownFileType = sourcecode.swift; path = CityDetailsViewModel.swift; sourceTree = "<group>"; };
		DE05E7DF2C7B7908003D7A1D /* CustomGaugeView.swift */ = {isa = PBXFileReference; lastKnownFileType = sourcecode.swift; path = CustomGaugeView.swift; sourceTree = "<group>"; };
		DE05E7E12C7B7CB8003D7A1D /* GaugeCell.swift */ = {isa = PBXFileReference; lastKnownFileType = sourcecode.swift; path = GaugeCell.swift; sourceTree = "<group>"; };
		DE05E7E32C7B8019003D7A1D /* CityInfoCell.swift */ = {isa = PBXFileReference; lastKnownFileType = sourcecode.swift; path = CityInfoCell.swift; sourceTree = "<group>"; };
		DE05E7E52C7B8BF7003D7A1D /* WeatherRemote.swift */ = {isa = PBXFileReference; lastKnownFileType = sourcecode.swift; path = WeatherRemote.swift; sourceTree = "<group>"; };
		DE05E7E72C7B8C1E003D7A1D /* CoordinatesRemote.swift */ = {isa = PBXFileReference; lastKnownFileType = sourcecode.swift; path = CoordinatesRemote.swift; sourceTree = "<group>"; };
		DE05E7E92C7B8C32003D7A1D /* WeatherBriefRemote.swift */ = {isa = PBXFileReference; lastKnownFileType = sourcecode.swift; path = WeatherBriefRemote.swift; sourceTree = "<group>"; };
		DE05E7EB2C7B8C42003D7A1D /* WeatherDetailsRemote.swift */ = {isa = PBXFileReference; lastKnownFileType = sourcecode.swift; path = WeatherDetailsRemote.swift; sourceTree = "<group>"; };
		DE05E7ED2C7B8C51003D7A1D /* WindRemote.swift */ = {isa = PBXFileReference; lastKnownFileType = sourcecode.swift; path = WindRemote.swift; sourceTree = "<group>"; };
		DE05E7EF2C7B8C63003D7A1D /* RainRemote.swift */ = {isa = PBXFileReference; lastKnownFileType = sourcecode.swift; path = RainRemote.swift; sourceTree = "<group>"; };
		DE05E7F12C7B8C76003D7A1D /* CloudsRemote.swift */ = {isa = PBXFileReference; lastKnownFileType = sourcecode.swift; path = CloudsRemote.swift; sourceTree = "<group>"; };
		DE05E7F32C7B8C85003D7A1D /* SnowRemote.swift */ = {isa = PBXFileReference; lastKnownFileType = sourcecode.swift; path = SnowRemote.swift; sourceTree = "<group>"; };
		DE05E7F52C7B8C90003D7A1D /* SystemRemote.swift */ = {isa = PBXFileReference; lastKnownFileType = sourcecode.swift; path = SystemRemote.swift; sourceTree = "<group>"; };
		DE05E7F72C7BA74C003D7A1D /* WeatherWorker.swift */ = {isa = PBXFileReference; lastKnownFileType = sourcecode.swift; path = WeatherWorker.swift; sourceTree = "<group>"; };
		DE0F079D2C78EE0400677861 /* QuickWeather.app */ = {isa = PBXFileReference; explicitFileType = wrapper.application; includeInIndex = 0; path = QuickWeather.app; sourceTree = BUILT_PRODUCTS_DIR; };
		DE0F07A02C78EE0400677861 /* AppDelegate.swift */ = {isa = PBXFileReference; lastKnownFileType = sourcecode.swift; path = AppDelegate.swift; sourceTree = "<group>"; };
		DE0F07A22C78EE0400677861 /* SceneDelegate.swift */ = {isa = PBXFileReference; lastKnownFileType = sourcecode.swift; path = SceneDelegate.swift; sourceTree = "<group>"; };
		DE0F07A92C78EE0500677861 /* Assets.xcassets */ = {isa = PBXFileReference; lastKnownFileType = folder.assetcatalog; path = Assets.xcassets; sourceTree = "<group>"; };
		DE0F07AC2C78EE0500677861 /* Base */ = {isa = PBXFileReference; lastKnownFileType = file.storyboard; name = Base; path = Base.lproj/LaunchScreen.storyboard; sourceTree = "<group>"; };
		DE0F07AE2C78EE0500677861 /* Info.plist */ = {isa = PBXFileReference; lastKnownFileType = text.plist.xml; path = Info.plist; sourceTree = "<group>"; };
		DE0F07BA2C78F01F00677861 /* AppCoordinator.swift */ = {isa = PBXFileReference; lastKnownFileType = sourcecode.swift; path = AppCoordinator.swift; sourceTree = "<group>"; };
		DE0F07C12C78F07D00677861 /* CitySearchViewController.swift */ = {isa = PBXFileReference; lastKnownFileType = sourcecode.swift; path = CitySearchViewController.swift; sourceTree = "<group>"; };
		DE0F07C72C78F0C100677861 /* CityDetailsViewController.swift */ = {isa = PBXFileReference; lastKnownFileType = sourcecode.swift; path = CityDetailsViewController.swift; sourceTree = "<group>"; };
		DE0F07CB2C78FA1000677861 /* QWButton.swift */ = {isa = PBXFileReference; lastKnownFileType = sourcecode.swift; path = QWButton.swift; sourceTree = "<group>"; };
		DE97B03D2C78FB89007D9F05 /* QWTextField.swift */ = {isa = PBXFileReference; lastKnownFileType = sourcecode.swift; path = QWTextField.swift; sourceTree = "<group>"; };
		DE97B03F2C7917BA007D9F05 /* CitySearchViewModel.swift */ = {isa = PBXFileReference; lastKnownFileType = sourcecode.swift; path = CitySearchViewModel.swift; sourceTree = "<group>"; };
		DEE666D42C7CE3830092A04D /* SimpleWeatherCell.swift */ = {isa = PBXFileReference; lastKnownFileType = sourcecode.swift; path = SimpleWeatherCell.swift; sourceTree = "<group>"; };
		DEE666D82C7CF6190092A04D /* UIView+Extension.swift */ = {isa = PBXFileReference; lastKnownFileType = sourcecode.swift; path = "UIView+Extension.swift"; sourceTree = "<group>"; };
		DEE666DA2C7D02DB0092A04D /* WeatherForecastRemote.swift */ = {isa = PBXFileReference; lastKnownFileType = sourcecode.swift; path = WeatherForecastRemote.swift; sourceTree = "<group>"; };
		DEE666DD2C7D0DD30092A04D /* Temperature.swift */ = {isa = PBXFileReference; lastKnownFileType = sourcecode.swift; path = Temperature.swift; sourceTree = "<group>"; };
		DEE666DF2C7D0DE50092A04D /* Pressure.swift */ = {isa = PBXFileReference; lastKnownFileType = sourcecode.swift; path = Pressure.swift; sourceTree = "<group>"; };
		DEE666E12C7D0DF40092A04D /* Humidity.swift */ = {isa = PBXFileReference; lastKnownFileType = sourcecode.swift; path = Humidity.swift; sourceTree = "<group>"; };
		DEE666E42C7D0E250092A04D /* WeatherDetailsDomain.swift */ = {isa = PBXFileReference; lastKnownFileType = sourcecode.swift; path = WeatherDetailsDomain.swift; sourceTree = "<group>"; };
		DEE666E62C7D0EE00092A04D /* WeatherDomain.swift */ = {isa = PBXFileReference; lastKnownFileType = sourcecode.swift; path = WeatherDomain.swift; sourceTree = "<group>"; };
		DEE666EB2C7D1F940092A04D /* WeatherCellData.swift */ = {isa = PBXFileReference; lastKnownFileType = sourcecode.swift; path = WeatherCellData.swift; sourceTree = "<group>"; };
		DEE666ED2C7D28B50092A04D /* CityInfoHeaderView.swift */ = {isa = PBXFileReference; lastKnownFileType = sourcecode.swift; path = CityInfoHeaderView.swift; sourceTree = "<group>"; };
		DEE666EF2C7D2D730092A04D /* GaugeData.swift */ = {isa = PBXFileReference; lastKnownFileType = sourcecode.swift; path = GaugeData.swift; sourceTree = "<group>"; };
		DEE666F12C7D2DA00092A04D /* WeatherCellType.swift */ = {isa = PBXFileReference; lastKnownFileType = sourcecode.swift; path = WeatherCellType.swift; sourceTree = "<group>"; };
		DEE666F32C7D2DD50092A04D /* ForecastRemote.swift */ = {isa = PBXFileReference; lastKnownFileType = sourcecode.swift; path = ForecastRemote.swift; sourceTree = "<group>"; };
		DEE666F52C7D2E8A0092A04D /* CityDetailsRemote.swift */ = {isa = PBXFileReference; lastKnownFileType = sourcecode.swift; path = CityDetailsRemote.swift; sourceTree = "<group>"; };
		DEE6A72A2C7E3B8F00EB246B /* WeatherDatatype.swift */ = {isa = PBXFileReference; lastKnownFileType = sourcecode.swift; path = WeatherDatatype.swift; sourceTree = "<group>"; };
		DEE6A72D2C7E5A8F00EB246B /* WeatherDetailViewController.swift */ = {isa = PBXFileReference; lastKnownFileType = sourcecode.swift; path = WeatherDetailViewController.swift; sourceTree = "<group>"; };
		DEE6A72F2C7E65B600EB246B /* WeatherCategory.swift */ = {isa = PBXFileReference; lastKnownFileType = sourcecode.swift; path = WeatherCategory.swift; sourceTree = "<group>"; };
		DEE6A7312C7E785E00EB246B /* PlaceholderCell.swift */ = {isa = PBXFileReference; lastKnownFileType = sourcecode.swift; path = PlaceholderCell.swift; sourceTree = "<group>"; };
		DEE74FE12C7F80BB009755E7 /* Int+Extension.swift */ = {isa = PBXFileReference; lastKnownFileType = sourcecode.swift; path = "Int+Extension.swift"; sourceTree = "<group>"; };
		DEE74FE32C7F8198009755E7 /* WeatherForecastDomain.swift */ = {isa = PBXFileReference; lastKnownFileType = sourcecode.swift; path = WeatherForecastDomain.swift; sourceTree = "<group>"; };
		DEE74FE52C7F81A7009755E7 /* ForecastDomain.swift */ = {isa = PBXFileReference; lastKnownFileType = sourcecode.swift; path = ForecastDomain.swift; sourceTree = "<group>"; };
		DEE74FEA2C7F8885009755E7 /* WeatherDetailViewModel.swift */ = {isa = PBXFileReference; lastKnownFileType = sourcecode.swift; path = WeatherDetailViewModel.swift; sourceTree = "<group>"; };
		DEE74FEE2C7F8E29009755E7 /* SimpleDetailCell.swift */ = {isa = PBXFileReference; lastKnownFileType = sourcecode.swift; path = SimpleDetailCell.swift; sourceTree = "<group>"; };
		DEE74FF02C7FAD5C009755E7 /* Date+Extension.swift */ = {isa = PBXFileReference; lastKnownFileType = sourcecode.swift; path = "Date+Extension.swift"; sourceTree = "<group>"; };
		DEE74FF42C7FD3E4009755E7 /* DetailsCellData.swift */ = {isa = PBXFileReference; lastKnownFileType = sourcecode.swift; path = DetailsCellData.swift; sourceTree = "<group>"; };
		DEE74FF62C7FD404009755E7 /* DetailsCellType.swift */ = {isa = PBXFileReference; lastKnownFileType = sourcecode.swift; path = DetailsCellType.swift; sourceTree = "<group>"; };
		DEE74FF82C7FD4F3009755E7 /* DayCell.swift */ = {isa = PBXFileReference; lastKnownFileType = sourcecode.swift; path = DayCell.swift; sourceTree = "<group>"; };
		DEE74FFB2C7FD6A7009755E7 /* PersistStorage.swift */ = {isa = PBXFileReference; lastKnownFileType = sourcecode.swift; path = PersistStorage.swift; sourceTree = "<group>"; };
/* End PBXFileReference section */

/* Begin PBXFrameworksBuildPhase section */
		DE0F079A2C78EE0400677861 /* Frameworks */ = {
			isa = PBXFrameworksBuildPhase;
			buildActionMask = 2147483647;
			files = (
			);
			runOnlyForDeploymentPostprocessing = 0;
		};
/* End PBXFrameworksBuildPhase section */

/* Begin PBXGroup section */
		DE05E7D22C7A204F003D7A1D /* Managers */ = {
			isa = PBXGroup;
			children = (
				DE05E7D62C7A284C003D7A1D /* NetworkManager */,
				DE05E7D32C7A2055003D7A1D /* DialogManager */,
			);
			path = Managers;
			sourceTree = "<group>";
		};
		DE05E7D32C7A2055003D7A1D /* DialogManager */ = {
			isa = PBXGroup;
			children = (
				DE05E7D42C7A2061003D7A1D /* DialogManager.swift */,
			);
			path = DialogManager;
			sourceTree = "<group>";
		};
		DE05E7D62C7A284C003D7A1D /* NetworkManager */ = {
			isa = PBXGroup;
			children = (
				DE05E7D72C7A285C003D7A1D /* NetworkManager.swift */,
			);
			path = NetworkManager;
			sourceTree = "<group>";
		};
		DE0F07942C78EE0400677861 = {
			isa = PBXGroup;
			children = (
				DE0F079F2C78EE0400677861 /* QuickWeather */,
				DE0F079E2C78EE0400677861 /* Products */,
			);
			sourceTree = "<group>";
		};
		DE0F079E2C78EE0400677861 /* Products */ = {
			isa = PBXGroup;
			children = (
				DE0F079D2C78EE0400677861 /* QuickWeather.app */,
			);
			name = Products;
			sourceTree = "<group>";
		};
		DE0F079F2C78EE0400677861 /* QuickWeather */ = {
			isa = PBXGroup;
			children = (
				DE0F07B62C78EEF200677861 /* Application */,
				DE0F07B52C78EEEA00677861 /* Resources */,
				DE0F07B42C78EECF00677861 /* Source */,
			);
			path = QuickWeather;
			sourceTree = "<group>";
		};
		DE0F07B42C78EECF00677861 /* Source */ = {
			isa = PBXGroup;
			children = (
				DE0F07C92C78F9DF00677861 /* Common */,
				DE0F07C32C78F08E00677861 /* CityDetails */,
				DEE6A72C2C7E5A3A00EB246B /* WeatherDetail */,
				DE0F07BC2C78F03300677861 /* CitySearch */,
				DE0F07B92C78F00D00677861 /* Coordinator */,
				DE0F07B72C78EFD100677861 /* Utilities */,
			);
			path = Source;
			sourceTree = "<group>";
		};
		DE0F07B52C78EEEA00677861 /* Resources */ = {
			isa = PBXGroup;
			children = (
				DE0F07A92C78EE0500677861 /* Assets.xcassets */,
			);
			path = Resources;
			sourceTree = "<group>";
		};
		DE0F07B62C78EEF200677861 /* Application */ = {
			isa = PBXGroup;
			children = (
				DE0F07A02C78EE0400677861 /* AppDelegate.swift */,
				DE0F07A22C78EE0400677861 /* SceneDelegate.swift */,
				DE0F07AB2C78EE0500677861 /* LaunchScreen.storyboard */,
				DE0F07AE2C78EE0500677861 /* Info.plist */,
			);
			path = Application;
			sourceTree = "<group>";
		};
		DE0F07B72C78EFD100677861 /* Utilities */ = {
			isa = PBXGroup;
			children = (
				DEE74FFA2C7FD692009755E7 /* PropertyWrappers */,
				DE05E7D22C7A204F003D7A1D /* Managers */,
				DE0F07B82C78F00000677861 /* Extensions */,
			);
			path = Utilities;
			sourceTree = "<group>";
		};
		DE0F07B82C78F00000677861 /* Extensions */ = {
			isa = PBXGroup;
			children = (
				DEE666D82C7CF6190092A04D /* UIView+Extension.swift */,
				DEE74FE12C7F80BB009755E7 /* Int+Extension.swift */,
				DEE74FF02C7FAD5C009755E7 /* Date+Extension.swift */,
			);
			path = Extensions;
			sourceTree = "<group>";
		};
		DE0F07B92C78F00D00677861 /* Coordinator */ = {
			isa = PBXGroup;
			children = (
				DE0F07BA2C78F01F00677861 /* AppCoordinator.swift */,
			);
			path = Coordinator;
			sourceTree = "<group>";
		};
		DE0F07BC2C78F03300677861 /* CitySearch */ = {
			isa = PBXGroup;
			children = (
				DE0F07BF2C78F06100677861 /* Model */,
				DE0F07BE2C78F05B00677861 /* View */,
				DE0F07BD2C78F04C00677861 /* ViewModel */,
				DE0F07C12C78F07D00677861 /* CitySearchViewController.swift */,
			);
			path = CitySearch;
			sourceTree = "<group>";
		};
		DE0F07BD2C78F04C00677861 /* ViewModel */ = {
			isa = PBXGroup;
			children = (
				DE97B03F2C7917BA007D9F05 /* CitySearchViewModel.swift */,
			);
			path = ViewModel;
			sourceTree = "<group>";
		};
		DE0F07BE2C78F05B00677861 /* View */ = {
			isa = PBXGroup;
			children = (
				DE05E7DB2C7A3B48003D7A1D /* CitySearchTableViewCell.swift */,
				DEE6A7312C7E785E00EB246B /* PlaceholderCell.swift */,
			);
			path = View;
			sourceTree = "<group>";
		};
		DE0F07BF2C78F06100677861 /* Model */ = {
			isa = PBXGroup;
			children = (
				DE05E7D92C7A2DB7003D7A1D /* CityRemote.swift */,
			);
			path = Model;
			sourceTree = "<group>";
		};
		DE0F07C32C78F08E00677861 /* CityDetails */ = {
			isa = PBXGroup;
			children = (
				DE0F07C62C78F0AC00677861 /* Model */,
				DE0F07C52C78F0A700677861 /* View */,
				DE0F07C42C78F09C00677861 /* ViewModel */,
				DE0F07C72C78F0C100677861 /* CityDetailsViewController.swift */,
			);
			path = CityDetails;
			sourceTree = "<group>";
		};
		DE0F07C42C78F09C00677861 /* ViewModel */ = {
			isa = PBXGroup;
			children = (
				DE05E7DD2C7B5EC1003D7A1D /* CityDetailsViewModel.swift */,
			);
			path = ViewModel;
			sourceTree = "<group>";
		};
		DE0F07C52C78F0A700677861 /* View */ = {
			isa = PBXGroup;
			children = (
				DE05E7DF2C7B7908003D7A1D /* CustomGaugeView.swift */,
				DE05E7E12C7B7CB8003D7A1D /* GaugeCell.swift */,
				DEE666D42C7CE3830092A04D /* SimpleWeatherCell.swift */,
				DE05E7E32C7B8019003D7A1D /* CityInfoCell.swift */,
				DEE666ED2C7D28B50092A04D /* CityInfoHeaderView.swift */,
			);
			path = View;
			sourceTree = "<group>";
		};
		DE0F07C62C78F0AC00677861 /* Model */ = {
			isa = PBXGroup;
			children = (
				DEE666E32C7D0E110092A04D /* Domain */,
				DEE666D12C7CE22B0092A04D /* CellData */,
				DEE666D02C7CE21D0092A04D /* Remote */,
			);
			path = Model;
			sourceTree = "<group>";
		};
		DE0F07C92C78F9DF00677861 /* Common */ = {
			isa = PBXGroup;
			children = (
				DEE666DC2C7D0DC40092A04D /* Model */,
				DE0F07CA2C78F9E700677861 /* View */,
				DE05E7F72C7BA74C003D7A1D /* WeatherWorker.swift */,
			);
			path = Common;
			sourceTree = "<group>";
		};
		DE0F07CA2C78F9E700677861 /* View */ = {
			isa = PBXGroup;
			children = (
				DE0F07CB2C78FA1000677861 /* QWButton.swift */,
				DE97B03D2C78FB89007D9F05 /* QWTextField.swift */,
			);
			path = View;
			sourceTree = "<group>";
		};
		DEE666D02C7CE21D0092A04D /* Remote */ = {
			isa = PBXGroup;
			children = (
				DE05E7E52C7B8BF7003D7A1D /* WeatherRemote.swift */,
				DE05E7E72C7B8C1E003D7A1D /* CoordinatesRemote.swift */,
				DE05E7E92C7B8C32003D7A1D /* WeatherBriefRemote.swift */,
				DE05E7EB2C7B8C42003D7A1D /* WeatherDetailsRemote.swift */,
				DE05E7ED2C7B8C51003D7A1D /* WindRemote.swift */,
				DE05E7EF2C7B8C63003D7A1D /* RainRemote.swift */,
				DE05E7F12C7B8C76003D7A1D /* CloudsRemote.swift */,
				DE05E7F32C7B8C85003D7A1D /* SnowRemote.swift */,
				DE05E7F52C7B8C90003D7A1D /* SystemRemote.swift */,
				DEE666DA2C7D02DB0092A04D /* WeatherForecastRemote.swift */,
				DEE666F32C7D2DD50092A04D /* ForecastRemote.swift */,
				DEE666F52C7D2E8A0092A04D /* CityDetailsRemote.swift */,
			);
			path = Remote;
			sourceTree = "<group>";
		};
		DEE666D12C7CE22B0092A04D /* CellData */ = {
			isa = PBXGroup;
			children = (
				DEE666EB2C7D1F940092A04D /* WeatherCellData.swift */,
				DEE666EF2C7D2D730092A04D /* GaugeData.swift */,
				DEE666F12C7D2DA00092A04D /* WeatherCellType.swift */,
				DEE6A72A2C7E3B8F00EB246B /* WeatherDatatype.swift */,
				DEE6A72F2C7E65B600EB246B /* WeatherCategory.swift */,
			);
			path = CellData;
			sourceTree = "<group>";
		};
		DEE666DC2C7D0DC40092A04D /* Model */ = {
			isa = PBXGroup;
			children = (
				DEE666DD2C7D0DD30092A04D /* Temperature.swift */,
				DEE666DF2C7D0DE50092A04D /* Pressure.swift */,
				DEE666E12C7D0DF40092A04D /* Humidity.swift */,
			);
			path = Model;
			sourceTree = "<group>";
		};
		DEE666E32C7D0E110092A04D /* Domain */ = {
			isa = PBXGroup;
			children = (
				DEE666E42C7D0E250092A04D /* WeatherDetailsDomain.swift */,
				DEE666E62C7D0EE00092A04D /* WeatherDomain.swift */,
				DEE74FE32C7F8198009755E7 /* WeatherForecastDomain.swift */,
				DEE74FE52C7F81A7009755E7 /* ForecastDomain.swift */,
			);
			path = Domain;
			sourceTree = "<group>";
		};
		DEE6A72C2C7E5A3A00EB246B /* WeatherDetail */ = {
			isa = PBXGroup;
			children = (
				DEE74FE92C7F8874009755E7 /* ViewModel */,
				DEE74FE82C7F886D009755E7 /* View */,
				DEE74FE72C7F8868009755E7 /* Model */,
				DEE6A72D2C7E5A8F00EB246B /* WeatherDetailViewController.swift */,
			);
			path = WeatherDetail;
			sourceTree = "<group>";
		};
		DEE74FE72C7F8868009755E7 /* Model */ = {
			isa = PBXGroup;
			children = (
				DEE74FF32C7FD3D4009755E7 /* CellData */,
			);
			path = Model;
			sourceTree = "<group>";
		};
		DEE74FE82C7F886D009755E7 /* View */ = {
			isa = PBXGroup;
			children = (
				DEE74FEE2C7F8E29009755E7 /* SimpleDetailCell.swift */,
				DEE74FF82C7FD4F3009755E7 /* DayCell.swift */,
			);
			path = View;
			sourceTree = "<group>";
		};
		DEE74FE92C7F8874009755E7 /* ViewModel */ = {
			isa = PBXGroup;
			children = (
				DEE74FEA2C7F8885009755E7 /* WeatherDetailViewModel.swift */,
			);
			path = ViewModel;
			sourceTree = "<group>";
		};
		DEE74FF32C7FD3D4009755E7 /* CellData */ = {
			isa = PBXGroup;
			children = (
				DEE74FF42C7FD3E4009755E7 /* DetailsCellData.swift */,
				DEE74FF62C7FD404009755E7 /* DetailsCellType.swift */,
			);
			path = CellData;
			sourceTree = "<group>";
		};
		DEE74FFA2C7FD692009755E7 /* PropertyWrappers */ = {
			isa = PBXGroup;
			children = (
				DEE74FFB2C7FD6A7009755E7 /* PersistStorage.swift */,
			);
			path = PropertyWrappers;
			sourceTree = "<group>";
		};
/* End PBXGroup section */

/* Begin PBXNativeTarget section */
		DE0F079C2C78EE0400677861 /* QuickWeather */ = {
			isa = PBXNativeTarget;
			buildConfigurationList = DE0F07B12C78EE0500677861 /* Build configuration list for PBXNativeTarget "QuickWeather" */;
			buildPhases = (
				DE0F07992C78EE0400677861 /* Sources */,
				DE0F079A2C78EE0400677861 /* Frameworks */,
				DE0F079B2C78EE0400677861 /* Resources */,
			);
			buildRules = (
			);
			dependencies = (
			);
			name = QuickWeather;
			productName = QuickWeather;
			productReference = DE0F079D2C78EE0400677861 /* QuickWeather.app */;
			productType = "com.apple.product-type.application";
		};
/* End PBXNativeTarget section */

/* Begin PBXProject section */
		DE0F07952C78EE0400677861 /* Project object */ = {
			isa = PBXProject;
			attributes = {
				BuildIndependentTargetsInParallel = 1;
				LastSwiftUpdateCheck = 1540;
				LastUpgradeCheck = 1540;
				TargetAttributes = {
					DE0F079C2C78EE0400677861 = {
						CreatedOnToolsVersion = 15.4;
					};
				};
			};
			buildConfigurationList = DE0F07982C78EE0400677861 /* Build configuration list for PBXProject "QuickWeather" */;
			compatibilityVersion = "Xcode 14.0";
			developmentRegion = en;
			hasScannedForEncodings = 0;
			knownRegions = (
				en,
				Base,
			);
			mainGroup = DE0F07942C78EE0400677861;
			productRefGroup = DE0F079E2C78EE0400677861 /* Products */;
			projectDirPath = "";
			projectRoot = "";
			targets = (
				DE0F079C2C78EE0400677861 /* QuickWeather */,
			);
		};
/* End PBXProject section */

/* Begin PBXResourcesBuildPhase section */
		DE0F079B2C78EE0400677861 /* Resources */ = {
			isa = PBXResourcesBuildPhase;
			buildActionMask = 2147483647;
			files = (
				DE0F07AA2C78EE0500677861 /* Assets.xcassets in Resources */,
				DE0F07AD2C78EE0500677861 /* Base in Resources */,
			);
			runOnlyForDeploymentPostprocessing = 0;
		};
/* End PBXResourcesBuildPhase section */

/* Begin PBXSourcesBuildPhase section */
		DE0F07992C78EE0400677861 /* Sources */ = {
			isa = PBXSourcesBuildPhase;
			buildActionMask = 2147483647;
			files = (
				DE0F07BB2C78F01F00677861 /* AppCoordinator.swift in Sources */,
				DE05E7F02C7B8C63003D7A1D /* RainRemote.swift in Sources */,
				DEE666EC2C7D1F940092A04D /* WeatherCellData.swift in Sources */,
				DEE6A7302C7E65B600EB246B /* WeatherCategory.swift in Sources */,
				DE05E7DA2C7A2DB7003D7A1D /* CityRemote.swift in Sources */,
				DE05E7E42C7B8019003D7A1D /* CityInfoCell.swift in Sources */,
				DEE74FFC2C7FD6A7009755E7 /* PersistStorage.swift in Sources */,
				DE05E7DC2C7A3B48003D7A1D /* CitySearchTableViewCell.swift in Sources */,
				DE05E7D52C7A2061003D7A1D /* DialogManager.swift in Sources */,
				DEE74FF72C7FD404009755E7 /* DetailsCellType.swift in Sources */,
				DE05E7D82C7A285C003D7A1D /* NetworkManager.swift in Sources */,
				DE05E7DE2C7B5EC1003D7A1D /* CityDetailsViewModel.swift in Sources */,
				DE0F07A12C78EE0400677861 /* AppDelegate.swift in Sources */,
				DEE666F22C7D2DA00092A04D /* WeatherCellType.swift in Sources */,
				DE0F07C82C78F0C100677861 /* CityDetailsViewController.swift in Sources */,
				DE05E7E62C7B8BF7003D7A1D /* WeatherRemote.swift in Sources */,
				DEE666E02C7D0DE50092A04D /* Pressure.swift in Sources */,
				DE05E7E22C7B7CB8003D7A1D /* GaugeCell.swift in Sources */,
				DEE666E72C7D0EE00092A04D /* WeatherDomain.swift in Sources */,
				DE05E7EC2C7B8C42003D7A1D /* WeatherDetailsRemote.swift in Sources */,
				DE05E7EE2C7B8C51003D7A1D /* WindRemote.swift in Sources */,
				DE05E7F82C7BA74C003D7A1D /* WeatherWorker.swift in Sources */,
				DE05E7F42C7B8C85003D7A1D /* SnowRemote.swift in Sources */,
				DEE666F02C7D2D730092A04D /* GaugeData.swift in Sources */,
				DE05E7F62C7B8C90003D7A1D /* SystemRemote.swift in Sources */,
				DEE666D92C7CF6190092A04D /* UIView+Extension.swift in Sources */,
				DE05E7F22C7B8C76003D7A1D /* CloudsRemote.swift in Sources */,
				DEE74FF12C7FAD5C009755E7 /* Date+Extension.swift in Sources */,
				DEE6A72E2C7E5A8F00EB246B /* WeatherDetailViewController.swift in Sources */,
				DEE666E22C7D0DF40092A04D /* Humidity.swift in Sources */,
				DEE6A7322C7E785E00EB246B /* PlaceholderCell.swift in Sources */,
				DE0F07A32C78EE0400677861 /* SceneDelegate.swift in Sources */,
				DEE74FE42C7F8198009755E7 /* WeatherForecastDomain.swift in Sources */,
				DEE74FF52C7FD3E4009755E7 /* DetailsCellData.swift in Sources */,
				DEE74FEF2C7F8E29009755E7 /* SimpleDetailCell.swift in Sources */,
				DE0F07C22C78F07D00677861 /* CitySearchViewController.swift in Sources */,
				DEE74FE22C7F80BB009755E7 /* Int+Extension.swift in Sources */,
				DEE666F42C7D2DD50092A04D /* ForecastRemote.swift in Sources */,
				DEE666DB2C7D02DB0092A04D /* WeatherForecastRemote.swift in Sources */,
				DEE666F62C7D2E8A0092A04D /* CityDetailsRemote.swift in Sources */,
				DEE74FF92C7FD4F3009755E7 /* DayCell.swift in Sources */,
				DEE6A72B2C7E3B8F00EB246B /* WeatherDatatype.swift in Sources */,
				DEE74FE62C7F81A7009755E7 /* ForecastDomain.swift in Sources */,
				DE0F07CC2C78FA1000677861 /* QWButton.swift in Sources */,
				DEE74FEB2C7F8885009755E7 /* WeatherDetailViewModel.swift in Sources */,
				DE05E7E02C7B7908003D7A1D /* CustomGaugeView.swift in Sources */,
				DEE666DE2C7D0DD30092A04D /* Temperature.swift in Sources */,
				DE05E7EA2C7B8C32003D7A1D /* WeatherBriefRemote.swift in Sources */,
				DE97B03E2C78FB89007D9F05 /* QWTextField.swift in Sources */,
				DEE666EE2C7D28B50092A04D /* CityInfoHeaderView.swift in Sources */,
				DEE666E52C7D0E250092A04D /* WeatherDetailsDomain.swift in Sources */,
				DE97B0402C7917BA007D9F05 /* CitySearchViewModel.swift in Sources */,
				DE05E7E82C7B8C1E003D7A1D /* CoordinatesRemote.swift in Sources */,
				DEE666D52C7CE3830092A04D /* SimpleWeatherCell.swift in Sources */,
			);
			runOnlyForDeploymentPostprocessing = 0;
		};
/* End PBXSourcesBuildPhase section */

/* Begin PBXVariantGroup section */
		DE0F07AB2C78EE0500677861 /* LaunchScreen.storyboard */ = {
			isa = PBXVariantGroup;
			children = (
				DE0F07AC2C78EE0500677861 /* Base */,
			);
			name = LaunchScreen.storyboard;
			sourceTree = "<group>";
		};
/* End PBXVariantGroup section */

/* Begin XCBuildConfiguration section */
		DE0F07AF2C78EE0500677861 /* Debug */ = {
			isa = XCBuildConfiguration;
			buildSettings = {
				ALWAYS_SEARCH_USER_PATHS = NO;
				ASSETCATALOG_COMPILER_GENERATE_SWIFT_ASSET_SYMBOL_EXTENSIONS = YES;
				CLANG_ANALYZER_NONNULL = YES;
				CLANG_ANALYZER_NUMBER_OBJECT_CONVERSION = YES_AGGRESSIVE;
				CLANG_CXX_LANGUAGE_STANDARD = "gnu++20";
				CLANG_ENABLE_MODULES = YES;
				CLANG_ENABLE_OBJC_ARC = YES;
				CLANG_ENABLE_OBJC_WEAK = YES;
				CLANG_WARN_BLOCK_CAPTURE_AUTORELEASING = YES;
				CLANG_WARN_BOOL_CONVERSION = YES;
				CLANG_WARN_COMMA = YES;
				CLANG_WARN_CONSTANT_CONVERSION = YES;
				CLANG_WARN_DEPRECATED_OBJC_IMPLEMENTATIONS = YES;
				CLANG_WARN_DIRECT_OBJC_ISA_USAGE = YES_ERROR;
				CLANG_WARN_DOCUMENTATION_COMMENTS = YES;
				CLANG_WARN_EMPTY_BODY = YES;
				CLANG_WARN_ENUM_CONVERSION = YES;
				CLANG_WARN_INFINITE_RECURSION = YES;
				CLANG_WARN_INT_CONVERSION = YES;
				CLANG_WARN_NON_LITERAL_NULL_CONVERSION = YES;
				CLANG_WARN_OBJC_IMPLICIT_RETAIN_SELF = YES;
				CLANG_WARN_OBJC_LITERAL_CONVERSION = YES;
				CLANG_WARN_OBJC_ROOT_CLASS = YES_ERROR;
				CLANG_WARN_QUOTED_INCLUDE_IN_FRAMEWORK_HEADER = YES;
				CLANG_WARN_RANGE_LOOP_ANALYSIS = YES;
				CLANG_WARN_STRICT_PROTOTYPES = YES;
				CLANG_WARN_SUSPICIOUS_MOVE = YES;
				CLANG_WARN_UNGUARDED_AVAILABILITY = YES_AGGRESSIVE;
				CLANG_WARN_UNREACHABLE_CODE = YES;
				CLANG_WARN__DUPLICATE_METHOD_MATCH = YES;
				COPY_PHASE_STRIP = NO;
				DEBUG_INFORMATION_FORMAT = dwarf;
				ENABLE_STRICT_OBJC_MSGSEND = YES;
				ENABLE_TESTABILITY = YES;
				ENABLE_USER_SCRIPT_SANDBOXING = YES;
				GCC_C_LANGUAGE_STANDARD = gnu17;
				GCC_DYNAMIC_NO_PIC = NO;
				GCC_NO_COMMON_BLOCKS = YES;
				GCC_OPTIMIZATION_LEVEL = 0;
				GCC_PREPROCESSOR_DEFINITIONS = (
					"DEBUG=1",
					"$(inherited)",
				);
				GCC_WARN_64_TO_32_BIT_CONVERSION = YES;
				GCC_WARN_ABOUT_RETURN_TYPE = YES_ERROR;
				GCC_WARN_UNDECLARED_SELECTOR = YES;
				GCC_WARN_UNINITIALIZED_AUTOS = YES_AGGRESSIVE;
				GCC_WARN_UNUSED_FUNCTION = YES;
				GCC_WARN_UNUSED_VARIABLE = YES;
				IPHONEOS_DEPLOYMENT_TARGET = 17.5;
				LOCALIZATION_PREFERS_STRING_CATALOGS = YES;
				MTL_ENABLE_DEBUG_INFO = INCLUDE_SOURCE;
				MTL_FAST_MATH = YES;
				ONLY_ACTIVE_ARCH = YES;
				SDKROOT = iphoneos;
				SWIFT_ACTIVE_COMPILATION_CONDITIONS = "DEBUG $(inherited)";
				SWIFT_OPTIMIZATION_LEVEL = "-Onone";
			};
			name = Debug;
		};
		DE0F07B02C78EE0500677861 /* Release */ = {
			isa = XCBuildConfiguration;
			buildSettings = {
				ALWAYS_SEARCH_USER_PATHS = NO;
				ASSETCATALOG_COMPILER_GENERATE_SWIFT_ASSET_SYMBOL_EXTENSIONS = YES;
				CLANG_ANALYZER_NONNULL = YES;
				CLANG_ANALYZER_NUMBER_OBJECT_CONVERSION = YES_AGGRESSIVE;
				CLANG_CXX_LANGUAGE_STANDARD = "gnu++20";
				CLANG_ENABLE_MODULES = YES;
				CLANG_ENABLE_OBJC_ARC = YES;
				CLANG_ENABLE_OBJC_WEAK = YES;
				CLANG_WARN_BLOCK_CAPTURE_AUTORELEASING = YES;
				CLANG_WARN_BOOL_CONVERSION = YES;
				CLANG_WARN_COMMA = YES;
				CLANG_WARN_CONSTANT_CONVERSION = YES;
				CLANG_WARN_DEPRECATED_OBJC_IMPLEMENTATIONS = YES;
				CLANG_WARN_DIRECT_OBJC_ISA_USAGE = YES_ERROR;
				CLANG_WARN_DOCUMENTATION_COMMENTS = YES;
				CLANG_WARN_EMPTY_BODY = YES;
				CLANG_WARN_ENUM_CONVERSION = YES;
				CLANG_WARN_INFINITE_RECURSION = YES;
				CLANG_WARN_INT_CONVERSION = YES;
				CLANG_WARN_NON_LITERAL_NULL_CONVERSION = YES;
				CLANG_WARN_OBJC_IMPLICIT_RETAIN_SELF = YES;
				CLANG_WARN_OBJC_LITERAL_CONVERSION = YES;
				CLANG_WARN_OBJC_ROOT_CLASS = YES_ERROR;
				CLANG_WARN_QUOTED_INCLUDE_IN_FRAMEWORK_HEADER = YES;
				CLANG_WARN_RANGE_LOOP_ANALYSIS = YES;
				CLANG_WARN_STRICT_PROTOTYPES = YES;
				CLANG_WARN_SUSPICIOUS_MOVE = YES;
				CLANG_WARN_UNGUARDED_AVAILABILITY = YES_AGGRESSIVE;
				CLANG_WARN_UNREACHABLE_CODE = YES;
				CLANG_WARN__DUPLICATE_METHOD_MATCH = YES;
				COPY_PHASE_STRIP = NO;
				DEBUG_INFORMATION_FORMAT = "dwarf-with-dsym";
				ENABLE_NS_ASSERTIONS = NO;
				ENABLE_STRICT_OBJC_MSGSEND = YES;
				ENABLE_USER_SCRIPT_SANDBOXING = YES;
				GCC_C_LANGUAGE_STANDARD = gnu17;
				GCC_NO_COMMON_BLOCKS = YES;
				GCC_WARN_64_TO_32_BIT_CONVERSION = YES;
				GCC_WARN_ABOUT_RETURN_TYPE = YES_ERROR;
				GCC_WARN_UNDECLARED_SELECTOR = YES;
				GCC_WARN_UNINITIALIZED_AUTOS = YES_AGGRESSIVE;
				GCC_WARN_UNUSED_FUNCTION = YES;
				GCC_WARN_UNUSED_VARIABLE = YES;
				IPHONEOS_DEPLOYMENT_TARGET = 17.5;
				LOCALIZATION_PREFERS_STRING_CATALOGS = YES;
				MTL_ENABLE_DEBUG_INFO = NO;
				MTL_FAST_MATH = YES;
				SDKROOT = iphoneos;
				SWIFT_COMPILATION_MODE = wholemodule;
				VALIDATE_PRODUCT = YES;
			};
			name = Release;
		};
		DE0F07B22C78EE0500677861 /* Debug */ = {
			isa = XCBuildConfiguration;
			buildSettings = {
				ASSETCATALOG_COMPILER_APPICON_NAME = AppIcon;
				ASSETCATALOG_COMPILER_GLOBAL_ACCENT_COLOR_NAME = AccentColor;
				CODE_SIGN_STYLE = Automatic;
				CURRENT_PROJECT_VERSION = 1;
				DEVELOPMENT_TEAM = GGJL3D3J9M;
				GENERATE_INFOPLIST_FILE = YES;
				INFOPLIST_FILE = QuickWeather/Application/Info.plist;
				INFOPLIST_KEY_UIApplicationSupportsIndirectInputEvents = YES;
				INFOPLIST_KEY_UILaunchStoryboardName = LaunchScreen;
				INFOPLIST_KEY_UIMainStoryboardFile = "";
				INFOPLIST_KEY_UISupportedInterfaceOrientations_iPad = "UIInterfaceOrientationPortrait UIInterfaceOrientationPortraitUpsideDown UIInterfaceOrientationLandscapeLeft UIInterfaceOrientationLandscapeRight";
				INFOPLIST_KEY_UISupportedInterfaceOrientations_iPhone = "UIInterfaceOrientationPortrait UIInterfaceOrientationLandscapeLeft UIInterfaceOrientationLandscapeRight";
				IPHONEOS_DEPLOYMENT_TARGET = 13.0;
				LD_RUNPATH_SEARCH_PATHS = (
					"$(inherited)",
					"@executable_path/Frameworks",
				);
				MARKETING_VERSION = 1.0;
				PRODUCT_BUNDLE_IDENTIFIER = com.KZacc.QuickWeather;
				PRODUCT_NAME = "$(TARGET_NAME)";
				SWIFT_EMIT_LOC_STRINGS = YES;
				SWIFT_VERSION = 5.0;
				TARGETED_DEVICE_FAMILY = "1,2";
			};
			name = Debug;
		};
		DE0F07B32C78EE0500677861 /* Release */ = {
			isa = XCBuildConfiguration;
			buildSettings = {
				ASSETCATALOG_COMPILER_APPICON_NAME = AppIcon;
				ASSETCATALOG_COMPILER_GLOBAL_ACCENT_COLOR_NAME = AccentColor;
				CODE_SIGN_STYLE = Automatic;
				CURRENT_PROJECT_VERSION = 1;
				DEVELOPMENT_TEAM = GGJL3D3J9M;
				GENERATE_INFOPLIST_FILE = YES;
				INFOPLIST_FILE = QuickWeather/Application/Info.plist;
				INFOPLIST_KEY_UIApplicationSupportsIndirectInputEvents = YES;
				INFOPLIST_KEY_UILaunchStoryboardName = LaunchScreen;
				INFOPLIST_KEY_UIMainStoryboardFile = "";
				INFOPLIST_KEY_UISupportedInterfaceOrientations_iPad = "UIInterfaceOrientationPortrait UIInterfaceOrientationPortraitUpsideDown UIInterfaceOrientationLandscapeLeft UIInterfaceOrientationLandscapeRight";
				INFOPLIST_KEY_UISupportedInterfaceOrientations_iPhone = "UIInterfaceOrientationPortrait UIInterfaceOrientationLandscapeLeft UIInterfaceOrientationLandscapeRight";
				IPHONEOS_DEPLOYMENT_TARGET = 13.0;
				LD_RUNPATH_SEARCH_PATHS = (
					"$(inherited)",
					"@executable_path/Frameworks",
				);
				MARKETING_VERSION = 1.0;
				PRODUCT_BUNDLE_IDENTIFIER = com.KZacc.QuickWeather;
				PRODUCT_NAME = "$(TARGET_NAME)";
				SWIFT_EMIT_LOC_STRINGS = YES;
				SWIFT_VERSION = 5.0;
				TARGETED_DEVICE_FAMILY = "1,2";
			};
			name = Release;
		};
/* End XCBuildConfiguration section */

/* Begin XCConfigurationList section */
		DE0F07982C78EE0400677861 /* Build configuration list for PBXProject "QuickWeather" */ = {
			isa = XCConfigurationList;
			buildConfigurations = (
				DE0F07AF2C78EE0500677861 /* Debug */,
				DE0F07B02C78EE0500677861 /* Release */,
			);
			defaultConfigurationIsVisible = 0;
			defaultConfigurationName = Release;
		};
		DE0F07B12C78EE0500677861 /* Build configuration list for PBXNativeTarget "QuickWeather" */ = {
			isa = XCConfigurationList;
			buildConfigurations = (
				DE0F07B22C78EE0500677861 /* Debug */,
				DE0F07B32C78EE0500677861 /* Release */,
			);
			defaultConfigurationIsVisible = 0;
			defaultConfigurationName = Release;
		};
/* End XCConfigurationList section */
	};
	rootObject = DE0F07952C78EE0400677861 /* Project object */;
}
